<?xml version="1.0" encoding="utf-8"?>
<Project ToolsVersion="4.0" xmlns="http://schemas.microsoft.com/developer/msbuild/2003">
  <ItemGroup>
    <Filter Include="Source Files">
      <UniqueIdentifier>{4FC737F1-C7A5-4376-A066-2A32D752A2FF}</UniqueIdentifier>
      <Extensions>cpp;c;cc;cxx;c++;cppm;ixx;def;odl;idl;hpj;bat;asm;asmx</Extensions>
    </Filter>
    <Filter Include="Header Files">
      <UniqueIdentifier>{93995380-89BD-4b04-88EB-625FBE52EBFB}</UniqueIdentifier>
      <Extensions>h;hh;hpp;hxx;h++;hm;inl;inc;ipp;xsd</Extensions>
    </Filter>
    <Filter Include="Resource Files">
      <UniqueIdentifier>{67DA6AB6-F800-4c08-8B7A-83BB121AAD01}</UniqueIdentifier>
      <Extensions>rc;ico;cur;bmp;dlg;rc2;rct;bin;rgs;gif;jpg;jpeg;jpe;resx;tiff;tif;png;wav;mfcribbon-ms</Extensions>
    </Filter>
  </ItemGroup>
  <ItemGroup>
    <ClCompile Include="TheShadowsEmbrace.cpp">
      <Filter>Source Files</Filter>
    </ClCompile>
    <ClCompile Include="Character.cpp">
      <Filter>Source Files</Filter>
    </ClCompile>
    <ClCompile Include="CharacterClass.cpp">
      <Filter>Source Files</Filter>
    </ClCompile>
    <ClCompile Include="Barbarian.cpp">
      <Filter>Source Files</Filter>
    </ClCompile>
    <ClCompile Include="PlayerCharacter.cpp">
      <Filter>Source Files</Filter>
    </ClCompile>
    <ClCompile Include="Bard.cpp">
      <Filter>Source Files</Filter>
    </ClCompile>
    <ClCompile Include="Cleric.cpp">
      <Filter>Source Files</Filter>
    </ClCompile>
    <ClCompile Include="Druid.cpp">
      <Filter>Source Files</Filter>
    </ClCompile>
    <ClCompile Include="Fighter.cpp">
      <Filter>Source Files</Filter>
    </ClCompile>
    <ClCompile Include="Monk.cpp">
      <Filter>Source Files</Filter>
    </ClCompile>
    <ClCompile Include="Paladin.cpp">
      <Filter>Source Files</Filter>
    </ClCompile>
    <ClCompile Include="Ranger.cpp">
      <Filter>Source Files</Filter>
    </ClCompile>
    <ClCompile Include="Rogue.cpp">
      <Filter>Source Files</Filter>
    </ClCompile>
    <ClCompile Include="Sorcerer.cpp">
      <Filter>Source Files</Filter>
    </ClCompile>
    <ClCompile Include="Warlock.cpp">
      <Filter>Source Files</Filter>
    </ClCompile>
    <ClCompile Include="Wizard.cpp">
      <Filter>Source Files</Filter>
    </ClCompile>
    <ClCompile Include="Ability.cpp">
      <Filter>Source Files</Filter>
    </ClCompile>
    <ClCompile Include="Skill.cpp">
      <Filter>Source Files</Filter>
    </ClCompile>
    <ClCompile Include="Strength.cpp">
      <Filter>Source Files</Filter>
    </ClCompile>
    <ClCompile Include="Athletics.cpp">
      <Filter>Source Files</Filter>
    </ClCompile>
    <ClCompile Include="Acrobatics.cpp">
      <Filter>Source Files</Filter>
    </ClCompile>
    <ClCompile Include="SleightOfHand.cpp">
      <Filter>Source Files</Filter>
    </ClCompile>
    <ClCompile Include="Stealth.cpp">
      <Filter>Source Files</Filter>
    </ClCompile>
    <ClCompile Include="Arcana.cpp">
      <Filter>Source Files</Filter>
    </ClCompile>
    <ClCompile Include="History.cpp">
      <Filter>Source Files</Filter>
    </ClCompile>
    <ClCompile Include="Investigation.cpp">
      <Filter>Source Files</Filter>
    </ClCompile>
    <ClCompile Include="Nature.cpp">
      <Filter>Source Files</Filter>
    </ClCompile>
    <ClCompile Include="Religion.cpp">
      <Filter>Source Files</Filter>
    </ClCompile>
    <ClCompile Include="AnimalHandling.cpp">
      <Filter>Source Files</Filter>
    </ClCompile>
    <ClCompile Include="Insight.cpp">
      <Filter>Source Files</Filter>
    </ClCompile>
    <ClCompile Include="Medicine.cpp">
      <Filter>Source Files</Filter>
    </ClCompile>
    <ClCompile Include="Perception.cpp">
      <Filter>Source Files</Filter>
    </ClCompile>
    <ClCompile Include="Survival.cpp">
      <Filter>Source Files</Filter>
    </ClCompile>
    <ClCompile Include="Deception.cpp">
      <Filter>Source Files</Filter>
    </ClCompile>
    <ClCompile Include="Intimidation.cpp">
      <Filter>Source Files</Filter>
    </ClCompile>
    <ClCompile Include="Performance.cpp">
      <Filter>Source Files</Filter>
    </ClCompile>
    <ClCompile Include="Persuasion.cpp">
      <Filter>Source Files</Filter>
    </ClCompile>
    <ClCompile Include="Dexterity.cpp">
      <Filter>Source Files</Filter>
    </ClCompile>
    <ClCompile Include="Intelligence.cpp">
      <Filter>Source Files</Filter>
    </ClCompile>
    <ClCompile Include="Wisdom.cpp">
      <Filter>Source Files</Filter>
    </ClCompile>
    <ClCompile Include="Charisma.cpp">
      <Filter>Source Files</Filter>
    </ClCompile>
  </ItemGroup>
  <ItemGroup>
    <ClInclude Include="Character.h">
      <Filter>Header Files</Filter>
    </ClInclude>
    <ClInclude Include="CharacterClass.h">
      <Filter>Header Files</Filter>
    </ClInclude>
    <ClInclude Include="Barbarian.h">
      <Filter>Header Files</Filter>
    </ClInclude>
    <ClInclude Include="PlayerCharacter.h">
      <Filter>Header Files</Filter>
    </ClInclude>
    <ClInclude Include="resource.h">
      <Filter>Header Files</Filter>
    </ClInclude>
    <ClInclude Include="Bard.h">
      <Filter>Header Files</Filter>
    </ClInclude>
    <ClInclude Include="Cleric.h">
      <Filter>Header Files</Filter>
    </ClInclude>
    <ClInclude Include="Druid.h">
      <Filter>Header Files</Filter>
    </ClInclude>
    <ClInclude Include="Fighter.h">
      <Filter>Header Files</Filter>
    </ClInclude>
    <ClInclude Include="Monk.h">
      <Filter>Header Files</Filter>
    </ClInclude>
    <ClInclude Include="Paladin.h">
      <Filter>Header Files</Filter>
    </ClInclude>
    <ClInclude Include="Ranger.h">
      <Filter>Header Files</Filter>
    </ClInclude>
    <ClInclude Include="Rogue.h">
      <Filter>Header Files</Filter>
    </ClInclude>
    <ClInclude Include="Sorcerer.h">
      <Filter>Header Files</Filter>
    </ClInclude>
    <ClInclude Include="Warlock.h">
      <Filter>Header Files</Filter>
    </ClInclude>
    <ClInclude Include="Wizard.h">
      <Filter>Header Files</Filter>
    </ClInclude>
    <ClInclude Include="Ability.h">
      <Filter>Header Files</Filter>
    </ClInclude>
    <ClInclude Include="Skill.h">
      <Filter>Header Files</Filter>
    </ClInclude>
    <ClInclude Include="Strength.h">
      <Filter>Header Files</Filter>
    </ClInclude>
    <ClInclude Include="Athletics.h">
      <Filter>Header Files</Filter>
    </ClInclude>
    <ClInclude Include="Acrobatics.h">
      <Filter>Header Files</Filter>
    </ClInclude>
    <ClInclude Include="SleightOfHand.h">
      <Filter>Header Files</Filter>
    </ClInclude>
    <ClInclude Include="Stealth.h">
      <Filter>Header Files</Filter>
    </ClInclude>
    <ClInclude Include="Arcana.h">
      <Filter>Header Files</Filter>
    </ClInclude>
    <ClInclude Include="History.h">
      <Filter>Header Files</Filter>
    </ClInclude>
    <ClInclude Include="Investigation.h">
      <Filter>Header Files</Filter>
    </ClInclude>
    <ClInclude Include="Nature.h">
      <Filter>Header Files</Filter>
    </ClInclude>
    <ClInclude Include="Religion.h">
      <Filter>Header Files</Filter>
    </ClInclude>
    <ClInclude Include="AnimalHandling.h">
      <Filter>Header Files</Filter>
    </ClInclude>
    <ClInclude Include="Insight.h">
      <Filter>Header Files</Filter>
    </ClInclude>
    <ClInclude Include="Medicine.h">
      <Filter>Header Files</Filter>
    </ClInclude>
    <ClInclude Include="Perception.h">
      <Filter>Header Files</Filter>
    </ClInclude>
    <ClInclude Include="Survival.h">
      <Filter>Header Files</Filter>
    </ClInclude>
    <ClInclude Include="Deception.h">
      <Filter>Header Files</Filter>
    </ClInclude>
    <ClInclude Include="Intimidation.h">
      <Filter>Header Files</Filter>
    </ClInclude>
    <ClInclude Include="Performance.h">
      <Filter>Header Files</Filter>
    </ClInclude>
    <ClInclude Include="Persuasion.h">
      <Filter>Header Files</Filter>
    </ClInclude>
    <ClInclude Include="Dexterity.h">
      <Filter>Header Files</Filter>
    </ClInclude>
    <ClInclude Include="Intelligence.h">
      <Filter>Header Files</Filter>
    </ClInclude>
    <ClInclude Include="Wisdom.h">
      <Filter>Header Files</Filter>
    </ClInclude>
    <ClInclude Include="Charisma.h">
      <Filter>Header Files</Filter>
    </ClInclude>
  </ItemGroup>
  <ItemGroup>
    <ResourceCompile Include="TheShadowsEmbrace.rc">
      <Filter>Resource Files</Filter>
    </ResourceCompile>
  </ItemGroup>
</Project>